
Microsoft Visual Studio Solution File, Format Version 12.00
# Visual Studio Version 16
VisualStudioVersion = 16.0.30804.86
MinimumVisualStudioVersion = 10.0.40219.1
Project("{FAE04EC0-301F-11D3-BF4B-00C04F79EFBC}") = "XUnit1", "XUnit1\XUnit1.csproj", "{681C5458-B82A-4107-A4CF-1E2FEFBCA52D}"
EndProject
Project("{FAE04EC0-301F-11D3-BF4B-00C04F79EFBC}") = "XUnit1.Test", "XUnit1.Test\XUnit1.Test.csproj", "{FCF26EAC-FA4C-4CFE-B99D-381133C2A748}"
EndProject
Global
	GlobalSection(SolutionConfigurationPlatforms) = preSolution
		Debug|Any CPU = Debug|Any CPU
		Release|Any CPU = Release|Any CPU
	EndGlobalSection
	GlobalSection(ProjectConfigurationPlatforms) = postSolution
		{681C5458-B82A-4107-A4CF-1E2FEFBCA52D}.Debug|Any CPU.ActiveCfg = Debug|Any CPU
		{681C5458-B82A-4107-A4CF-1E2FEFBCA52D}.Debug|Any CPU.Build.0 = Debug|Any CPU
		{681C5458-B82A-4107-A4CF-1E2FEFBCA52D}.Release|Any CPU.ActiveCfg = Release|Any CPU
		{681C5458-B82A-4107-A4CF-1E2FEFBCA52D}.Release|Any CPU.Build.0 = Release|Any CPU
		{FCF26EAC-FA4C-4CFE-B99D-381133C2A748}.Debug|Any CPU.ActiveCfg = Debug|Any CPU
		{FCF26EAC-FA4C-4CFE-B99D-381133C2A748}.Debug|Any CPU.Build.0 = Debug|Any CPU
		{FCF26EAC-FA4C-4CFE-B99D-381133C2A748}.Release|Any CPU.ActiveCfg = Release|Any CPU
		{FCF26EAC-FA4C-4CFE-B99D-381133C2A748}.Release|Any CPU.Build.0 = Release|Any CPU
	EndGlobalSection
	GlobalSection(SolutionProperties) = preSolution
		HideSolutionNode = FALSE
	EndGlobalSection
	GlobalSection(ExtensibilityGlobals) = postSolution
		SolutionGuid = {0DA56332-EA47-4F96-847E-9D6D8260599D}
	EndGlobalSection
EndGlobal
